
Microsoft Visual Studio Solution File, Format Version 12.00
# Visual Studio Version 17
VisualStudioVersion = 17.2.32427.441
MinimumVisualStudioVersion = 10.0.40219.1
Project("{FAE04EC0-301F-11D3-BF4B-00C04F79EFBC}") = "clubmembership", "clubmembership.csproj", "{EC392286-151F-42BF-A663-E04E34EAE119}"
EndProject
Global
	GlobalSection(SolutionConfigurationPlatforms) = preSolution
		Debug|Any CPU = Debug|Any CPU
		Release|Any CPU = Release|Any CPU
	EndGlobalSection
	GlobalSection(ProjectConfigurationPlatforms) = postSolution
		{EC392286-151F-42BF-A663-E04E34EAE119}.Debug|Any CPU.ActiveCfg = Debug|Any CPU
		{EC392286-151F-42BF-A663-E04E34EAE119}.Debug|Any CPU.Build.0 = Debug|Any CPU
		{EC392286-151F-42BF-A663-E04E34EAE119}.Release|Any CPU.ActiveCfg = Release|Any CPU
		{EC392286-151F-42BF-A663-E04E34EAE119}.Release|Any CPU.Build.0 = Release|Any CPU
	EndGlobalSection
	GlobalSection(SolutionProperties) = preSolution
		HideSolutionNode = FALSE
	EndGlobalSection
	GlobalSection(ExtensibilityGlobals) = postSolution
		SolutionGuid = {75AAF654-7173-48D1-BE8D-5258DB161BD0}
	EndGlobalSection
EndGlobal
